
Microsoft Visual Studio Solution File, Format Version 12.00
Project("{FAE04EC0-301F-11D3-BF4B-00C04F79EFBC}") = "Rewrite.Analyzers", "Rewrite.Analyzers.csproj", "{A9BDECE3-D39F-48AE-A94E-B546887F5EC2}"
EndProject
Project("{FAE04EC0-301F-11D3-BF4B-00C04F79EFBC}") = "Rewrite.CSharp", "..\Rewrite.CSharp\Rewrite.CSharp.csproj", "{E18B9AF4-A15B-4A68-AD48-6F4795DAFA38}"
EndProject
Global
	GlobalSection(SolutionConfigurationPlatforms) = preSolution
		Debug|Any CPU = Debug|Any CPU
		Release|Any CPU = Release|Any CPU
	EndGlobalSection
	GlobalSection(ProjectConfigurationPlatforms) = postSolution
		{A9BDECE3-D39F-48AE-A94E-B546887F5EC2}.Debug|Any CPU.ActiveCfg = Debug|Any CPU
		{A9BDECE3-D39F-48AE-A94E-B546887F5EC2}.Debug|Any CPU.Build.0 = Debug|Any CPU
		{A9BDECE3-D39F-48AE-A94E-B546887F5EC2}.Release|Any CPU.ActiveCfg = Release|Any CPU
		{A9BDECE3-D39F-48AE-A94E-B546887F5EC2}.Release|Any CPU.Build.0 = Release|Any CPU
		{E18B9AF4-A15B-4A68-AD48-6F4795DAFA38}.Debug|Any CPU.ActiveCfg = Debug|Any CPU
		{E18B9AF4-A15B-4A68-AD48-6F4795DAFA38}.Release|Any CPU.ActiveCfg = Release|Any CPU
		{E18B9AF4-A15B-4A68-AD48-6F4795DAFA38}.Release|Any CPU.Build.0 = Release|Any CPU
	EndGlobalSection
EndGlobal
