
Microsoft Visual Studio Solution File, Format Version 12.00
Project("{FAE04EC0-301F-11D3-BF4B-00C04F79EFBC}") = "Rewrite.Core", "src\Rewrite.Core\Rewrite.Core.csproj", "{FB30394C-7930-4BFF-97E2-400CFADE92C2}"
EndProject
Project("{FAE04EC0-301F-11D3-BF4B-00C04F79EFBC}") = "Rewrite.Properties", "src\Rewrite.Properties\Rewrite.Properties.csproj", "{C7E280C5-E841-4690-8AA3-653ECBC7C78B}"
EndProject
Project("{FAE04EC0-301F-11D3-BF4B-00C04F79EFBC}") = "Rewrite.Yaml", "src\Rewrite.Yaml\Rewrite.Yaml.csproj", "{F7F4F27F-2CAE-422B-B6CE-25A88C3603A1}"
EndProject
Project("{FAE04EC0-301F-11D3-BF4B-00C04F79EFBC}") = "Rewrite.Xml", "src\Rewrite.Xml\Rewrite.Xml.csproj", "{D38BB305-3276-4AE1-87B1-C19C7A9F3840}"
EndProject
Project("{FAE04EC0-301F-11D3-BF4B-00C04F79EFBC}") = "Rewrite.Json", "src\Rewrite.Json\Rewrite.Json.csproj", "{5DD7D88A-5A10-457D-B1A2-30F7CF67AD9F}"
EndProject
Project("{FAE04EC0-301F-11D3-BF4B-00C04F79EFBC}") = "Rewrite.CSharp", "src\Rewrite.CSharp\Rewrite.CSharp.csproj", "{25208A27-E598-4BE3-9CD9-0618A6B9598F}"
EndProject
Project("{FAE04EC0-301F-11D3-BF4B-00C04F79EFBC}") = "Rewrite.CSharp.Tests", "tests\Rewrite.CSharp.Tests\Rewrite.CSharp.Tests.csproj", "{25EEACCB-9BAE-4361-A980-9E9CDA37602E}"
EndProject
Project("{FAE04EC0-301F-11D3-BF4B-00C04F79EFBC}") = "Rewrite.Test", "src\Rewrite.Test\Rewrite.Test.csproj", "{D3F48947-C702-4D1A-B6EE-96B89D13953D}"
EndProject
Project("{FAE04EC0-301F-11D3-BF4B-00C04F79EFBC}") = "Rewrite.Server", "src\Rewrite.Server\Rewrite.Server.csproj", "{D3F48947-C702-4D1A-B6EE-96B89D13953E}"
EndProject
Project("{2150E333-8FDC-42A3-9474-1A3956D46DE8}") = "src", "src", "{C7A4A8F9-0343-4A3E-AB77-101C458C23B5}"
EndProject
Project("{2150E333-8FDC-42A3-9474-1A3956D46DE8}") = "tests", "tests", "{7B268266-B9CD-4D85-ABC5-3B2C4611FD74}"
EndProject
Project("{2150E333-8FDC-42A3-9474-1A3956D46DE8}") = "_solution", "_solution", "{B5C675AF-506B-47E6-AB10-4E7BC36531D2}"
	ProjectSection(SolutionItems) = preProject
		.gitignore = .gitignore
		Directory.Build.props = Directory.Build.props
		Directory.Build.targets = Directory.Build.targets
		README.md = README.md
		Directory.Build.props.user = Directory.Build.props.user
		..\version.json = ..\version.json
	EndProjectSection
EndProject
Project("{9A19103F-16F7-4668-BE54-9A1E7A4F7556}") = "_build", "..\_build\_build.csproj", "{C714F4F1-E2DF-4B29-A277-9B40BD7DE406}"
EndProject
Project("{FAE04EC0-301F-11D3-BF4B-00C04F79EFBC}") = "Rewrite.Analyzers", "src\Rewrite.Analyzers\Rewrite.Analyzers.csproj", "{9818146E-C516-4D3C-80CE-A84741E7772B}"
EndProject
Project("{FAE04EC0-301F-11D3-BF4B-00C04F79EFBC}") = "Rewrite.MSBuild", "src\Rewrite.MSBuild\Rewrite.MSBuild.csproj", "{E799F5AF-1143-4E84-8787-09A2B0702385}"
EndProject
Project("{FAE04EC0-301F-11D3-BF4B-00C04F79EFBC}") = "Rewrite.Recipes", "src\Rewrite.Recipes\Rewrite.Recipes.csproj", "{1D67FB54-B4A2-4D55-8B63-F93303F3D138}"
EndProject
Project("{FAE04EC0-301F-11D3-BF4B-00C04F79EFBC}") = "Rewrite.Recipes.Tests", "tests\Rewrite.Recipes.Tests\Rewrite.Recipes.Tests.csproj", "{C5D5CBE2-F9E4-4AF2-A247-B30E83F7EC47}"
EndProject
Project("{FAE04EC0-301F-11D3-BF4B-00C04F79EFBC}") = "Rewrite.Remote", "src\Rewrite.Remote\Rewrite.Remote.csproj", "{64D637E4-0F47-4B6C-9EB1-292CDB7D22B5}"
EndProject
Project("{FAE04EC0-301F-11D3-BF4B-00C04F79EFBC}") = "Rewrite.Remote.Codec", "src\Rewrite.Remote.Codec\Rewrite.Remote.Codec.csproj", "{829F244B-A991-4B9E-873D-76107F0934EC}"
EndProject
Project("{FAE04EC0-301F-11D3-BF4B-00C04F79EFBC}") = "Rewrite.MSBuild.Tests", "tests\Rewrite.MSBuild.Tests\Rewrite.MSBuild.Tests.csproj", "{64B3E416-7E18-4936-B543-C9A0ACE40158}"
EndProject
Project("{FAE04EC0-301F-11D3-BF4B-00C04F79EFBC}") = "Rewrite.Tests", "tests\Rewrite.Tests\Rewrite.Tests.csproj", "{F8A155CD-A116-4BCF-8E87-41876BF683CA}"
EndProject
Project("{FAE04EC0-301F-11D3-BF4B-00C04F79EFBC}") = "Rewrite.Diagnostics", "src\Rewrite.Diagnostics\Rewrite.Diagnostics.csproj", "{6E212433-7B42-4E53-B7B6-CAD359B1803E}"
EndProject
Project("{FAE04EC0-301F-11D3-BF4B-00C04F79EFBC}") = "Build.Analyzers", "..\_build.Analyzers\Build.Analyzers.csproj", "{58BBCF75-2B23-45E0-B548-010800159123}"
EndProject
Project("{FAE04EC0-301F-11D3-BF4B-00C04F79EFBC}") = "Rewrite.RoslynRecipe", "src\Rewrite.RoslynRecipe\Rewrite.RoslynRecipe.csproj", "{B4F6209F-A442-4F1C-ABA9-8008B9F5A3EE}"
EndProject
Project("{FAE04EC0-301F-11D3-BF4B-00C04F79EFBC}") = "Rewrite.Refasmer", "src\Rewrite.Refasmer\Rewrite.Refasmer.csproj", "{A9DA7715-ABCF-4973-B0F6-5C691FB2F8C9}"
EndProject
Project("{FAE04EC0-301F-11D3-BF4B-00C04F79EFBC}") = "Rewrite.Rpc", "src\Rewrite.Rpc\Rewrite.Rpc.csproj", "{DA626A07-E03D-4F24-A240-9D1D00F72256}"
EndProject
Global
	GlobalSection(SolutionConfigurationPlatforms) = preSolution
		Debug|Any CPU = Debug|Any CPU
		Release|Any CPU = Release|Any CPU
		Analyzers|Any CPU = Analyzers|Any CPU
	EndGlobalSection
	GlobalSection(ProjectConfigurationPlatforms) = postSolution
		{C714F4F1-E2DF-4B29-A277-9B40BD7DE406}.Debug|Any CPU.ActiveCfg = Debug|Any CPU
		{C714F4F1-E2DF-4B29-A277-9B40BD7DE406}.Release|Any CPU.ActiveCfg = Release|Any CPU
		{C714F4F1-E2DF-4B29-A277-9B40BD7DE406}.Analyzers|Any CPU.ActiveCfg = Debug|Any CPU
		{FB30394C-7930-4BFF-97E2-400CFADE92C2}.Debug|Any CPU.ActiveCfg = Debug|Any CPU
		{FB30394C-7930-4BFF-97E2-400CFADE92C2}.Release|Any CPU.ActiveCfg = Release|Any CPU
		{FB30394C-7930-4BFF-97E2-400CFADE92C2}.Release|Any CPU.Build.0 = Release|Any CPU
		{FB30394C-7930-4BFF-97E2-400CFADE92C2}.Debug|Any CPU.Build.0 = Debug|Any CPU
		{FB30394C-7930-4BFF-97E2-400CFADE92C2}.Analyzers|Any CPU.ActiveCfg = Debug|Any CPU
		{C7E280C5-E841-4690-8AA3-653ECBC7C78B}.Debug|Any CPU.ActiveCfg = Debug|Any CPU
		{C7E280C5-E841-4690-8AA3-653ECBC7C78B}.Release|Any CPU.ActiveCfg = Release|Any CPU
		{C7E280C5-E841-4690-8AA3-653ECBC7C78B}.Release|Any CPU.Build.0 = Release|Any CPU
		{C7E280C5-E841-4690-8AA3-653ECBC7C78B}.Debug|Any CPU.Build.0 = Debug|Any CPU
		{C7E280C5-E841-4690-8AA3-653ECBC7C78B}.Analyzers|Any CPU.ActiveCfg = Debug|Any CPU
		{F7F4F27F-2CAE-422B-B6CE-25A88C3603A1}.Debug|Any CPU.ActiveCfg = Debug|Any CPU
		{F7F4F27F-2CAE-422B-B6CE-25A88C3603A1}.Release|Any CPU.ActiveCfg = Release|Any CPU
		{F7F4F27F-2CAE-422B-B6CE-25A88C3603A1}.Release|Any CPU.Build.0 = Release|Any CPU
		{F7F4F27F-2CAE-422B-B6CE-25A88C3603A1}.Debug|Any CPU.Build.0 = Debug|Any CPU
		{F7F4F27F-2CAE-422B-B6CE-25A88C3603A1}.Analyzers|Any CPU.ActiveCfg = Debug|Any CPU
		{D38BB305-3276-4AE1-87B1-C19C7A9F3840}.Debug|Any CPU.ActiveCfg = Debug|Any CPU
		{D38BB305-3276-4AE1-87B1-C19C7A9F3840}.Release|Any CPU.ActiveCfg = Release|Any CPU
		{D38BB305-3276-4AE1-87B1-C19C7A9F3840}.Release|Any CPU.Build.0 = Release|Any CPU
		{D38BB305-3276-4AE1-87B1-C19C7A9F3840}.Debug|Any CPU.Build.0 = Debug|Any CPU
		{D38BB305-3276-4AE1-87B1-C19C7A9F3840}.Analyzers|Any CPU.ActiveCfg = Debug|Any CPU
		{5DD7D88A-5A10-457D-B1A2-30F7CF67AD9F}.Debug|Any CPU.ActiveCfg = Debug|Any CPU
		{5DD7D88A-5A10-457D-B1A2-30F7CF67AD9F}.Release|Any CPU.ActiveCfg = Release|Any CPU
		{5DD7D88A-5A10-457D-B1A2-30F7CF67AD9F}.Release|Any CPU.Build.0 = Release|Any CPU
		{5DD7D88A-5A10-457D-B1A2-30F7CF67AD9F}.Debug|Any CPU.Build.0 = Debug|Any CPU
		{5DD7D88A-5A10-457D-B1A2-30F7CF67AD9F}.Analyzers|Any CPU.ActiveCfg = Debug|Any CPU
		{25208A27-E598-4BE3-9CD9-0618A6B9598F}.Debug|Any CPU.ActiveCfg = Debug|Any CPU
		{25208A27-E598-4BE3-9CD9-0618A6B9598F}.Release|Any CPU.ActiveCfg = Release|Any CPU
		{25208A27-E598-4BE3-9CD9-0618A6B9598F}.Release|Any CPU.Build.0 = Release|Any CPU
		{25208A27-E598-4BE3-9CD9-0618A6B9598F}.Debug|Any CPU.Build.0 = Debug|Any CPU
		{25208A27-E598-4BE3-9CD9-0618A6B9598F}.Analyzers|Any CPU.ActiveCfg = Debug|Any CPU
		{25EEACCB-9BAE-4361-A980-9E9CDA37602E}.Debug|Any CPU.ActiveCfg = Debug|Any CPU
		{25EEACCB-9BAE-4361-A980-9E9CDA37602E}.Release|Any CPU.ActiveCfg = Release|Any CPU
		{25EEACCB-9BAE-4361-A980-9E9CDA37602E}.Release|Any CPU.Build.0 = Release|Any CPU
		{25EEACCB-9BAE-4361-A980-9E9CDA37602E}.Debug|Any CPU.Build.0 = Debug|Any CPU
		{25EEACCB-9BAE-4361-A980-9E9CDA37602E}.Analyzers|Any CPU.ActiveCfg = Debug|Any CPU
		{D3F48947-C702-4D1A-B6EE-96B89D13953D}.Debug|Any CPU.ActiveCfg = Debug|Any CPU
		{D3F48947-C702-4D1A-B6EE-96B89D13953D}.Release|Any CPU.ActiveCfg = Release|Any CPU
		{D3F48947-C702-4D1A-B6EE-96B89D13953D}.Release|Any CPU.Build.0 = Release|Any CPU
		{D3F48947-C702-4D1A-B6EE-96B89D13953D}.Debug|Any CPU.Build.0 = Debug|Any CPU
		{D3F48947-C702-4D1A-B6EE-96B89D13953D}.Analyzers|Any CPU.ActiveCfg = Debug|Any CPU
		{D3F48947-C702-4D1A-B6EE-96B89D13953E}.Debug|Any CPU.ActiveCfg = Debug|Any CPU
		{D3F48947-C702-4D1A-B6EE-96B89D13953E}.Release|Any CPU.ActiveCfg = Release|Any CPU
		{D3F48947-C702-4D1A-B6EE-96B89D13953E}.Release|Any CPU.Build.0 = Release|Any CPU
		{D3F48947-C702-4D1A-B6EE-96B89D13953E}.Debug|Any CPU.Build.0 = Debug|Any CPU
		{D3F48947-C702-4D1A-B6EE-96B89D13953E}.Analyzers|Any CPU.ActiveCfg = Debug|Any CPU
		{9818146E-C516-4D3C-80CE-A84741E7772B}.Debug|Any CPU.ActiveCfg = Debug|Any CPU
		{9818146E-C516-4D3C-80CE-A84741E7772B}.Debug|Any CPU.Build.0 = Debug|Any CPU
		{9818146E-C516-4D3C-80CE-A84741E7772B}.Release|Any CPU.ActiveCfg = Release|Any CPU
		{9818146E-C516-4D3C-80CE-A84741E7772B}.Release|Any CPU.Build.0 = Release|Any CPU
		{9818146E-C516-4D3C-80CE-A84741E7772B}.Analyzers|Any CPU.ActiveCfg = Debug|Any CPU
		{9818146E-C516-4D3C-80CE-A84741E7772B}.Analyzers|Any CPU.Build.0 = Debug|Any CPU
		{E799F5AF-1143-4E84-8787-09A2B0702385}.Debug|Any CPU.ActiveCfg = Debug|Any CPU
		{E799F5AF-1143-4E84-8787-09A2B0702385}.Debug|Any CPU.Build.0 = Debug|Any CPU
		{E799F5AF-1143-4E84-8787-09A2B0702385}.Release|Any CPU.ActiveCfg = Release|Any CPU
		{E799F5AF-1143-4E84-8787-09A2B0702385}.Release|Any CPU.Build.0 = Release|Any CPU
		{E799F5AF-1143-4E84-8787-09A2B0702385}.Analyzers|Any CPU.ActiveCfg = Debug|Any CPU
		{1D67FB54-B4A2-4D55-8B63-F93303F3D138}.Debug|Any CPU.ActiveCfg = Debug|Any CPU
		{1D67FB54-B4A2-4D55-8B63-F93303F3D138}.Debug|Any CPU.Build.0 = Debug|Any CPU
		{1D67FB54-B4A2-4D55-8B63-F93303F3D138}.Release|Any CPU.ActiveCfg = Release|Any CPU
		{1D67FB54-B4A2-4D55-8B63-F93303F3D138}.Release|Any CPU.Build.0 = Release|Any CPU
		{1D67FB54-B4A2-4D55-8B63-F93303F3D138}.Analyzers|Any CPU.ActiveCfg = Debug|Any CPU
		{C5D5CBE2-F9E4-4AF2-A247-B30E83F7EC47}.Debug|Any CPU.ActiveCfg = Debug|Any CPU
		{C5D5CBE2-F9E4-4AF2-A247-B30E83F7EC47}.Debug|Any CPU.Build.0 = Debug|Any CPU
		{C5D5CBE2-F9E4-4AF2-A247-B30E83F7EC47}.Release|Any CPU.ActiveCfg = Release|Any CPU
		{C5D5CBE2-F9E4-4AF2-A247-B30E83F7EC47}.Release|Any CPU.Build.0 = Release|Any CPU
		{C5D5CBE2-F9E4-4AF2-A247-B30E83F7EC47}.Analyzers|Any CPU.ActiveCfg = Debug|Any CPU
		{64D637E4-0F47-4B6C-9EB1-292CDB7D22B5}.Debug|Any CPU.ActiveCfg = Debug|Any CPU
		{64D637E4-0F47-4B6C-9EB1-292CDB7D22B5}.Debug|Any CPU.Build.0 = Debug|Any CPU
		{64D637E4-0F47-4B6C-9EB1-292CDB7D22B5}.Release|Any CPU.ActiveCfg = Release|Any CPU
		{64D637E4-0F47-4B6C-9EB1-292CDB7D22B5}.Release|Any CPU.Build.0 = Release|Any CPU
		{64D637E4-0F47-4B6C-9EB1-292CDB7D22B5}.Analyzers|Any CPU.ActiveCfg = Debug|Any CPU
		{829F244B-A991-4B9E-873D-76107F0934EC}.Debug|Any CPU.ActiveCfg = Debug|Any CPU
		{829F244B-A991-4B9E-873D-76107F0934EC}.Debug|Any CPU.Build.0 = Debug|Any CPU
		{829F244B-A991-4B9E-873D-76107F0934EC}.Release|Any CPU.ActiveCfg = Release|Any CPU
		{829F244B-A991-4B9E-873D-76107F0934EC}.Release|Any CPU.Build.0 = Release|Any CPU
		{829F244B-A991-4B9E-873D-76107F0934EC}.Analyzers|Any CPU.ActiveCfg = Debug|Any CPU
		{64B3E416-7E18-4936-B543-C9A0ACE40158}.Debug|Any CPU.ActiveCfg = Debug|Any CPU
		{64B3E416-7E18-4936-B543-C9A0ACE40158}.Debug|Any CPU.Build.0 = Debug|Any CPU
		{64B3E416-7E18-4936-B543-C9A0ACE40158}.Release|Any CPU.ActiveCfg = Release|Any CPU
		{64B3E416-7E18-4936-B543-C9A0ACE40158}.Release|Any CPU.Build.0 = Release|Any CPU
		{64B3E416-7E18-4936-B543-C9A0ACE40158}.Analyzers|Any CPU.ActiveCfg = Debug|Any CPU
		{F8A155CD-A116-4BCF-8E87-41876BF683CA}.Debug|Any CPU.ActiveCfg = Debug|Any CPU
		{F8A155CD-A116-4BCF-8E87-41876BF683CA}.Debug|Any CPU.Build.0 = Debug|Any CPU
		{F8A155CD-A116-4BCF-8E87-41876BF683CA}.Release|Any CPU.ActiveCfg = Release|Any CPU
		{F8A155CD-A116-4BCF-8E87-41876BF683CA}.Release|Any CPU.Build.0 = Release|Any CPU
		{F8A155CD-A116-4BCF-8E87-41876BF683CA}.Analyzers|Any CPU.ActiveCfg = Debug|Any CPU
		{6E212433-7B42-4E53-B7B6-CAD359B1803E}.Debug|Any CPU.ActiveCfg = Debug|Any CPU
		{6E212433-7B42-4E53-B7B6-CAD359B1803E}.Debug|Any CPU.Build.0 = Debug|Any CPU
		{6E212433-7B42-4E53-B7B6-CAD359B1803E}.Release|Any CPU.ActiveCfg = Release|Any CPU
		{6E212433-7B42-4E53-B7B6-CAD359B1803E}.Release|Any CPU.Build.0 = Release|Any CPU
		{6E212433-7B42-4E53-B7B6-CAD359B1803E}.Analyzers|Any CPU.ActiveCfg = Debug|Any CPU
		{58BBCF75-2B23-45E0-B548-010800159123}.Debug|Any CPU.ActiveCfg = Debug|Any CPU
		{58BBCF75-2B23-45E0-B548-010800159123}.Debug|Any CPU.Build.0 = Debug|Any CPU
		{58BBCF75-2B23-45E0-B548-010800159123}.Release|Any CPU.ActiveCfg = Release|Any CPU
		{58BBCF75-2B23-45E0-B548-010800159123}.Release|Any CPU.Build.0 = Release|Any CPU
		{58BBCF75-2B23-45E0-B548-010800159123}.Analyzers|Any CPU.ActiveCfg = Debug|Any CPU
		{58BBCF75-2B23-45E0-B548-010800159123}.Analyzers|Any CPU.Build.0 = Debug|Any CPU
		{B4F6209F-A442-4F1C-ABA9-8008B9F5A3EE}.Debug|Any CPU.ActiveCfg = Debug|Any CPU
		{B4F6209F-A442-4F1C-ABA9-8008B9F5A3EE}.Debug|Any CPU.Build.0 = Debug|Any CPU
		{B4F6209F-A442-4F1C-ABA9-8008B9F5A3EE}.Release|Any CPU.ActiveCfg = Release|Any CPU
		{B4F6209F-A442-4F1C-ABA9-8008B9F5A3EE}.Release|Any CPU.Build.0 = Release|Any CPU
		{B4F6209F-A442-4F1C-ABA9-8008B9F5A3EE}.Analyzers|Any CPU.ActiveCfg = Debug|Any CPU
		{B4F6209F-A442-4F1C-ABA9-8008B9F5A3EE}.Analyzers|Any CPU.Build.0 = Debug|Any CPU
		{A9DA7715-ABCF-4973-B0F6-5C691FB2F8C9}.Debug|Any CPU.ActiveCfg = Debug|Any CPU
		{A9DA7715-ABCF-4973-B0F6-5C691FB2F8C9}.Debug|Any CPU.Build.0 = Debug|Any CPU
		{A9DA7715-ABCF-4973-B0F6-5C691FB2F8C9}.Release|Any CPU.ActiveCfg = Release|Any CPU
		{A9DA7715-ABCF-4973-B0F6-5C691FB2F8C9}.Release|Any CPU.Build.0 = Release|Any CPU
		{A9DA7715-ABCF-4973-B0F6-5C691FB2F8C9}.Analyzers|Any CPU.ActiveCfg = Debug|Any CPU
		{A9DA7715-ABCF-4973-B0F6-5C691FB2F8C9}.Analyzers|Any CPU.Build.0 = Debug|Any CPU
		{DA626A07-E03D-4F24-A240-9D1D00F72256}.Debug|Any CPU.ActiveCfg = Debug|Any CPU
		{DA626A07-E03D-4F24-A240-9D1D00F72256}.Debug|Any CPU.Build.0 = Debug|Any CPU
		{DA626A07-E03D-4F24-A240-9D1D00F72256}.Release|Any CPU.ActiveCfg = Release|Any CPU
		{DA626A07-E03D-4F24-A240-9D1D00F72256}.Release|Any CPU.Build.0 = Release|Any CPU
		{DA626A07-E03D-4F24-A240-9D1D00F72256}.Analyzers|Any CPU.ActiveCfg = Debug|Any CPU
		{DA626A07-E03D-4F24-A240-9D1D00F72256}.Analyzers|Any CPU.Build.0 = Debug|Any CPU
	EndGlobalSection
	GlobalSection(NestedProjects) = preSolution
		{25EEACCB-9BAE-4361-A980-9E9CDA37602E} = {7B268266-B9CD-4D85-ABC5-3B2C4611FD74}
		{FB30394C-7930-4BFF-97E2-400CFADE92C2} = {C7A4A8F9-0343-4A3E-AB77-101C458C23B5}
		{25208A27-E598-4BE3-9CD9-0618A6B9598F} = {C7A4A8F9-0343-4A3E-AB77-101C458C23B5}
		{5DD7D88A-5A10-457D-B1A2-30F7CF67AD9F} = {C7A4A8F9-0343-4A3E-AB77-101C458C23B5}
		{C7E280C5-E841-4690-8AA3-653ECBC7C78B} = {C7A4A8F9-0343-4A3E-AB77-101C458C23B5}
		{D3F48947-C702-4D1A-B6EE-96B89D13953D} = {C7A4A8F9-0343-4A3E-AB77-101C458C23B5}
		{D3F48947-C702-4D1A-B6EE-96B89D13953E} = {C7A4A8F9-0343-4A3E-AB77-101C458C23B5}
		{D38BB305-3276-4AE1-87B1-C19C7A9F3840} = {C7A4A8F9-0343-4A3E-AB77-101C458C23B5}
		{F7F4F27F-2CAE-422B-B6CE-25A88C3603A1} = {C7A4A8F9-0343-4A3E-AB77-101C458C23B5}
		{C714F4F1-E2DF-4B29-A277-9B40BD7DE406} = {B5C675AF-506B-47E6-AB10-4E7BC36531D2}
		{9818146E-C516-4D3C-80CE-A84741E7772B} = {C7A4A8F9-0343-4A3E-AB77-101C458C23B5}
		{E799F5AF-1143-4E84-8787-09A2B0702385} = {C7A4A8F9-0343-4A3E-AB77-101C458C23B5}
		{1D67FB54-B4A2-4D55-8B63-F93303F3D138} = {C7A4A8F9-0343-4A3E-AB77-101C458C23B5}
		{C5D5CBE2-F9E4-4AF2-A247-B30E83F7EC47} = {7B268266-B9CD-4D85-ABC5-3B2C4611FD74}
		{64D637E4-0F47-4B6C-9EB1-292CDB7D22B5} = {C7A4A8F9-0343-4A3E-AB77-101C458C23B5}
		{829F244B-A991-4B9E-873D-76107F0934EC} = {C7A4A8F9-0343-4A3E-AB77-101C458C23B5}
		{64B3E416-7E18-4936-B543-C9A0ACE40158} = {7B268266-B9CD-4D85-ABC5-3B2C4611FD74}
		{F8A155CD-A116-4BCF-8E87-41876BF683CA} = {7B268266-B9CD-4D85-ABC5-3B2C4611FD74}
		{6E212433-7B42-4E53-B7B6-CAD359B1803E} = {C7A4A8F9-0343-4A3E-AB77-101C458C23B5}
		{58BBCF75-2B23-45E0-B548-010800159123} = {B5C675AF-506B-47E6-AB10-4E7BC36531D2}
		{B4F6209F-A442-4F1C-ABA9-8008B9F5A3EE} = {C7A4A8F9-0343-4A3E-AB77-101C458C23B5}
		{A9DA7715-ABCF-4973-B0F6-5C691FB2F8C9} = {C7A4A8F9-0343-4A3E-AB77-101C458C23B5}
		{DA626A07-E03D-4F24-A240-9D1D00F72256} = {C7A4A8F9-0343-4A3E-AB77-101C458C23B5}
	EndGlobalSection
EndGlobal
