
Microsoft Visual Studio Solution File, Format Version 12.00
Project("{FAE04EC0-301F-11D3-BF4B-00C04F79EFBC}") = "Rewrite.Core", "src\Rewrite.Core\Rewrite.Core.csproj", "{FB30394C-7930-4BFF-97E2-400CFADE92C2}"
EndProject
Project("{FAE04EC0-301F-11D3-BF4B-00C04F79EFBC}") = "Rewrite.Properties", "src\Rewrite.Properties\Rewrite.Properties.csproj", "{C7E280C5-E841-4690-8AA3-653ECBC7C78B}"
EndProject
Project("{FAE04EC0-301F-11D3-BF4B-00C04F79EFBC}") = "Rewrite.Yaml", "src\Rewrite.Yaml\Rewrite.Yaml.csproj", "{F7F4F27F-2CAE-422B-B6CE-25A88C3603A1}"
EndProject
Project("{FAE04EC0-301F-11D3-BF4B-00C04F79EFBC}") = "Rewrite.Xml", "src\Rewrite.Xml\Rewrite.Xml.csproj", "{D38BB305-3276-4AE1-87B1-C19C7A9F3840}"
EndProject
Project("{FAE04EC0-301F-11D3-BF4B-00C04F79EFBC}") = "Rewrite.Json", "src\Rewrite.Json\Rewrite.Json.csproj", "{5DD7D88A-5A10-457D-B1A2-30F7CF67AD9F}"
EndProject
Project("{FAE04EC0-301F-11D3-BF4B-00C04F79EFBC}") = "Rewrite.CSharp", "src\Rewrite.CSharp\Rewrite.CSharp.csproj", "{25208A27-E598-4BE3-9CD9-0618A6B9598F}"
EndProject
Project("{FAE04EC0-301F-11D3-BF4B-00C04F79EFBC}") = "Rewrite.CSharp.Tests", "tests\Rewrite.CSharp.Tests\Rewrite.CSharp.Tests.csproj", "{25EEACCB-9BAE-4361-A980-9E9CDA37602E}"
EndProject
Project("{FAE04EC0-301F-11D3-BF4B-00C04F79EFBC}") = "Rewrite.Test", "src\Rewrite.Test\Rewrite.Test.csproj", "{D3F48947-C702-4D1A-B6EE-96B89D13953D}"
EndProject
Project("{FAE04EC0-301F-11D3-BF4B-00C04F79EFBC}") = "Rewrite.Server", "src\Rewrite.Server\Rewrite.Server.csproj", "{D3F48947-C702-4D1A-B6EE-96B89D13953E}"
EndProject
Project("{2150E333-8FDC-42A3-9474-1A3956D46DE8}") = "src", "src", "{C7A4A8F9-0343-4A3E-AB77-101C458C23B5}"
EndProject
Project("{2150E333-8FDC-42A3-9474-1A3956D46DE8}") = "tests", "tests", "{7B268266-B9CD-4D85-ABC5-3B2C4611FD74}"
EndProject
Project("{2150E333-8FDC-42A3-9474-1A3956D46DE8}") = "_solution", "_solution", "{B5C675AF-506B-47E6-AB10-4E7BC36531D2}"
	ProjectSection(SolutionItems) = preProject
		.gitignore = .gitignore
		Directory.Build.props = Directory.Build.props
		Directory.Build.targets = Directory.Build.targets
		README.md = README.md
		Directory.Build.props.user = Directory.Build.props.user
		..\version.json = ..\version.json
	EndProjectSection
EndProject
Project("{9A19103F-16F7-4668-BE54-9A1E7A4F7556}") = "_build", "..\_build\_build.csproj", "{C714F4F1-E2DF-4B29-A277-9B40BD7DE406}"
EndProject
Project("{FAE04EC0-301F-11D3-BF4B-00C04F79EFBC}") = "Rewrite.Remote.Codec", "src\Rewrite.Remote.Codec\Rewrite.Remote.Codec.csproj", "{40C71491-3CCC-40A0-8F01-3EC7204CF85F}"
EndProject
Project("{FAE04EC0-301F-11D3-BF4B-00C04F79EFBC}") = "Rewrite.Test.CSharp", "src\Rewrite.Test.CSharp\Rewrite.Test.CSharp.csproj", "{5C70ACE0-BE37-4D67-A67F-EE69767994D2}"
EndProject
Project("{FAE04EC0-301F-11D3-BF4B-00C04F79EFBC}") = "Rewrite.Test.Engine.Remote", "src\Rewrite.Test.Engine.Remote\Rewrite.Test.Engine.Remote.csproj", "{C04C7CA4-69C3-444F-A654-6C722A0FC3BE}"
EndProject
Project("{FAE04EC0-301F-11D3-BF4B-00C04F79EFBC}") = "Rewrite.Analyzers", "src\Rewrite.Analyzers\Rewrite.Analyzers.csproj", "{9818146E-C516-4D3C-80CE-A84741E7772B}"
EndProject
Project("{FAE04EC0-301F-11D3-BF4B-00C04F79EFBC}") = "Rewrite.Remote", "src\Rewrite.Remote\Rewrite.Remote.csproj", "{EEF136BD-B789-4C0E-BFC7-4D5FD66C5B12}"
EndProject
Project("{FAE04EC0-301F-11D3-BF4B-00C04F79EFBC}") = "Rewrite.Remote.Server", "src\Rewrite.Remote.Server\Rewrite.Remote.Server.csproj", "{E611118C-2205-4771-A902-0852E2B7301A}"
EndProject
Project("{FAE04EC0-301F-11D3-BF4B-00C04F79EFBC}") = "Rewrite.MSBuild", "src\Rewrite.MSBuild\Rewrite.MSBuild.csproj", "{E799F5AF-1143-4E84-8787-09A2B0702385}"
EndProject
Project("{FAE04EC0-301F-11D3-BF4B-00C04F79EFBC}") = "Rewrite.Recipes", "src\Rewrite.Recipes\Rewrite.Recipes.csproj", "{1D67FB54-B4A2-4D55-8B63-F93303F3D138}"
EndProject
Project("{FAE04EC0-301F-11D3-BF4B-00C04F79EFBC}") = "Rewrite.Recipes.Tests", "tests\Rewrite.Recipes.Tests\Rewrite.Recipes.Tests.csproj", "{C5D5CBE2-F9E4-4AF2-A247-B30E83F7EC47}"
EndProject
Global
	GlobalSection(SolutionConfigurationPlatforms) = preSolution
		Debug|Any CPU = Debug|Any CPU
		Release|Any CPU = Release|Any CPU
		Analyzers|Any CPU = Analyzers|Any CPU
	EndGlobalSection
	GlobalSection(ProjectConfigurationPlatforms) = postSolution
		{C714F4F1-E2DF-4B29-A277-9B40BD7DE406}.Debug|Any CPU.ActiveCfg = Debug|Any CPU
		{C714F4F1-E2DF-4B29-A277-9B40BD7DE406}.Release|Any CPU.ActiveCfg = Release|Any CPU
		{C714F4F1-E2DF-4B29-A277-9B40BD7DE406}.Analyzers|Any CPU.ActiveCfg = Debug|Any CPU
		{FB30394C-7930-4BFF-97E2-400CFADE92C2}.Debug|Any CPU.ActiveCfg = Debug|Any CPU
		{FB30394C-7930-4BFF-97E2-400CFADE92C2}.Release|Any CPU.ActiveCfg = Release|Any CPU
		{FB30394C-7930-4BFF-97E2-400CFADE92C2}.Release|Any CPU.Build.0 = Release|Any CPU
		{FB30394C-7930-4BFF-97E2-400CFADE92C2}.Debug|Any CPU.Build.0 = Debug|Any CPU
		{FB30394C-7930-4BFF-97E2-400CFADE92C2}.Analyzers|Any CPU.ActiveCfg = Debug|Any CPU
		{C7E280C5-E841-4690-8AA3-653ECBC7C78B}.Debug|Any CPU.ActiveCfg = Debug|Any CPU
		{C7E280C5-E841-4690-8AA3-653ECBC7C78B}.Release|Any CPU.ActiveCfg = Release|Any CPU
		{C7E280C5-E841-4690-8AA3-653ECBC7C78B}.Release|Any CPU.Build.0 = Release|Any CPU
		{C7E280C5-E841-4690-8AA3-653ECBC7C78B}.Debug|Any CPU.Build.0 = Debug|Any CPU
		{C7E280C5-E841-4690-8AA3-653ECBC7C78B}.Analyzers|Any CPU.ActiveCfg = Debug|Any CPU
		{F7F4F27F-2CAE-422B-B6CE-25A88C3603A1}.Debug|Any CPU.ActiveCfg = Debug|Any CPU
		{F7F4F27F-2CAE-422B-B6CE-25A88C3603A1}.Release|Any CPU.ActiveCfg = Release|Any CPU
		{F7F4F27F-2CAE-422B-B6CE-25A88C3603A1}.Release|Any CPU.Build.0 = Release|Any CPU
		{F7F4F27F-2CAE-422B-B6CE-25A88C3603A1}.Debug|Any CPU.Build.0 = Debug|Any CPU
		{F7F4F27F-2CAE-422B-B6CE-25A88C3603A1}.Analyzers|Any CPU.ActiveCfg = Debug|Any CPU
		{D38BB305-3276-4AE1-87B1-C19C7A9F3840}.Debug|Any CPU.ActiveCfg = Debug|Any CPU
		{D38BB305-3276-4AE1-87B1-C19C7A9F3840}.Release|Any CPU.ActiveCfg = Release|Any CPU
		{D38BB305-3276-4AE1-87B1-C19C7A9F3840}.Release|Any CPU.Build.0 = Release|Any CPU
		{D38BB305-3276-4AE1-87B1-C19C7A9F3840}.Debug|Any CPU.Build.0 = Debug|Any CPU
		{D38BB305-3276-4AE1-87B1-C19C7A9F3840}.Analyzers|Any CPU.ActiveCfg = Debug|Any CPU
		{5DD7D88A-5A10-457D-B1A2-30F7CF67AD9F}.Debug|Any CPU.ActiveCfg = Debug|Any CPU
		{5DD7D88A-5A10-457D-B1A2-30F7CF67AD9F}.Release|Any CPU.ActiveCfg = Release|Any CPU
		{5DD7D88A-5A10-457D-B1A2-30F7CF67AD9F}.Release|Any CPU.Build.0 = Release|Any CPU
		{5DD7D88A-5A10-457D-B1A2-30F7CF67AD9F}.Debug|Any CPU.Build.0 = Debug|Any CPU
		{5DD7D88A-5A10-457D-B1A2-30F7CF67AD9F}.Analyzers|Any CPU.ActiveCfg = Debug|Any CPU
		{25208A27-E598-4BE3-9CD9-0618A6B9598F}.Debug|Any CPU.ActiveCfg = Debug|Any CPU
		{25208A27-E598-4BE3-9CD9-0618A6B9598F}.Release|Any CPU.ActiveCfg = Release|Any CPU
		{25208A27-E598-4BE3-9CD9-0618A6B9598F}.Release|Any CPU.Build.0 = Release|Any CPU
		{25208A27-E598-4BE3-9CD9-0618A6B9598F}.Debug|Any CPU.Build.0 = Debug|Any CPU
		{25208A27-E598-4BE3-9CD9-0618A6B9598F}.Analyzers|Any CPU.ActiveCfg = Debug|Any CPU
		{25EEACCB-9BAE-4361-A980-9E9CDA37602E}.Debug|Any CPU.ActiveCfg = Debug|Any CPU
		{25EEACCB-9BAE-4361-A980-9E9CDA37602E}.Release|Any CPU.ActiveCfg = Release|Any CPU
		{25EEACCB-9BAE-4361-A980-9E9CDA37602E}.Release|Any CPU.Build.0 = Release|Any CPU
		{25EEACCB-9BAE-4361-A980-9E9CDA37602E}.Debug|Any CPU.Build.0 = Debug|Any CPU
		{25EEACCB-9BAE-4361-A980-9E9CDA37602E}.Analyzers|Any CPU.ActiveCfg = Debug|Any CPU
		{D3F48947-C702-4D1A-B6EE-96B89D13953D}.Debug|Any CPU.ActiveCfg = Debug|Any CPU
		{D3F48947-C702-4D1A-B6EE-96B89D13953D}.Release|Any CPU.ActiveCfg = Release|Any CPU
		{D3F48947-C702-4D1A-B6EE-96B89D13953D}.Release|Any CPU.Build.0 = Release|Any CPU
		{D3F48947-C702-4D1A-B6EE-96B89D13953D}.Debug|Any CPU.Build.0 = Debug|Any CPU
		{D3F48947-C702-4D1A-B6EE-96B89D13953D}.Analyzers|Any CPU.ActiveCfg = Debug|Any CPU
		{D3F48947-C702-4D1A-B6EE-96B89D13953E}.Debug|Any CPU.ActiveCfg = Debug|Any CPU
		{D3F48947-C702-4D1A-B6EE-96B89D13953E}.Release|Any CPU.ActiveCfg = Release|Any CPU
		{D3F48947-C702-4D1A-B6EE-96B89D13953E}.Release|Any CPU.Build.0 = Release|Any CPU
		{D3F48947-C702-4D1A-B6EE-96B89D13953E}.Debug|Any CPU.Build.0 = Debug|Any CPU
		{D3F48947-C702-4D1A-B6EE-96B89D13953E}.Analyzers|Any CPU.ActiveCfg = Debug|Any CPU
		{40C71491-3CCC-40A0-8F01-3EC7204CF85F}.Debug|Any CPU.ActiveCfg = Debug|Any CPU
		{40C71491-3CCC-40A0-8F01-3EC7204CF85F}.Release|Any CPU.ActiveCfg = Release|Any CPU
		{40C71491-3CCC-40A0-8F01-3EC7204CF85F}.Release|Any CPU.Build.0 = Release|Any CPU
		{40C71491-3CCC-40A0-8F01-3EC7204CF85F}.Debug|Any CPU.Build.0 = Debug|Any CPU
		{40C71491-3CCC-40A0-8F01-3EC7204CF85F}.Analyzers|Any CPU.ActiveCfg = Debug|Any CPU
		{5C70ACE0-BE37-4D67-A67F-EE69767994D2}.Debug|Any CPU.ActiveCfg = Debug|Any CPU
		{5C70ACE0-BE37-4D67-A67F-EE69767994D2}.Release|Any CPU.ActiveCfg = Release|Any CPU
		{5C70ACE0-BE37-4D67-A67F-EE69767994D2}.Release|Any CPU.Build.0 = Release|Any CPU
		{5C70ACE0-BE37-4D67-A67F-EE69767994D2}.Debug|Any CPU.Build.0 = Debug|Any CPU
		{5C70ACE0-BE37-4D67-A67F-EE69767994D2}.Analyzers|Any CPU.ActiveCfg = Debug|Any CPU
		{C04C7CA4-69C3-444F-A654-6C722A0FC3BE}.Debug|Any CPU.ActiveCfg = Debug|Any CPU
		{C04C7CA4-69C3-444F-A654-6C722A0FC3BE}.Release|Any CPU.ActiveCfg = Release|Any CPU
		{C04C7CA4-69C3-444F-A654-6C722A0FC3BE}.Release|Any CPU.Build.0 = Release|Any CPU
		{C04C7CA4-69C3-444F-A654-6C722A0FC3BE}.Debug|Any CPU.Build.0 = Debug|Any CPU
		{C04C7CA4-69C3-444F-A654-6C722A0FC3BE}.Analyzers|Any CPU.ActiveCfg = Debug|Any CPU
		{9818146E-C516-4D3C-80CE-A84741E7772B}.Debug|Any CPU.ActiveCfg = Debug|Any CPU
		{9818146E-C516-4D3C-80CE-A84741E7772B}.Debug|Any CPU.Build.0 = Debug|Any CPU
		{9818146E-C516-4D3C-80CE-A84741E7772B}.Release|Any CPU.ActiveCfg = Release|Any CPU
		{9818146E-C516-4D3C-80CE-A84741E7772B}.Release|Any CPU.Build.0 = Release|Any CPU
		{9818146E-C516-4D3C-80CE-A84741E7772B}.Analyzers|Any CPU.ActiveCfg = Debug|Any CPU
		{9818146E-C516-4D3C-80CE-A84741E7772B}.Analyzers|Any CPU.Build.0 = Debug|Any CPU
		{EEF136BD-B789-4C0E-BFC7-4D5FD66C5B12}.Debug|Any CPU.ActiveCfg = Debug|Any CPU
		{EEF136BD-B789-4C0E-BFC7-4D5FD66C5B12}.Debug|Any CPU.Build.0 = Debug|Any CPU
		{EEF136BD-B789-4C0E-BFC7-4D5FD66C5B12}.Release|Any CPU.ActiveCfg = Release|Any CPU
		{EEF136BD-B789-4C0E-BFC7-4D5FD66C5B12}.Release|Any CPU.Build.0 = Release|Any CPU
		{EEF136BD-B789-4C0E-BFC7-4D5FD66C5B12}.Analyzers|Any CPU.ActiveCfg = Debug|Any CPU
		{EEF136BD-B789-4C0E-BFC7-4D5FD66C5B12}.Analyzers|Any CPU.Build.0 = Debug|Any CPU
		{E611118C-2205-4771-A902-0852E2B7301A}.Debug|Any CPU.ActiveCfg = Debug|Any CPU
		{E611118C-2205-4771-A902-0852E2B7301A}.Debug|Any CPU.Build.0 = Debug|Any CPU
		{E611118C-2205-4771-A902-0852E2B7301A}.Release|Any CPU.ActiveCfg = Release|Any CPU
		{E611118C-2205-4771-A902-0852E2B7301A}.Release|Any CPU.Build.0 = Release|Any CPU
		{E611118C-2205-4771-A902-0852E2B7301A}.Analyzers|Any CPU.ActiveCfg = Debug|Any CPU
		{E611118C-2205-4771-A902-0852E2B7301A}.Analyzers|Any CPU.Build.0 = Debug|Any CPU
		{E799F5AF-1143-4E84-8787-09A2B0702385}.Debug|Any CPU.ActiveCfg = Debug|Any CPU
		{E799F5AF-1143-4E84-8787-09A2B0702385}.Debug|Any CPU.Build.0 = Debug|Any CPU
		{E799F5AF-1143-4E84-8787-09A2B0702385}.Release|Any CPU.ActiveCfg = Release|Any CPU
		{E799F5AF-1143-4E84-8787-09A2B0702385}.Release|Any CPU.Build.0 = Release|Any CPU
		{E799F5AF-1143-4E84-8787-09A2B0702385}.Analyzers|Any CPU.ActiveCfg = Debug|Any CPU
		{E799F5AF-1143-4E84-8787-09A2B0702385}.Analyzers|Any CPU.Build.0 = Debug|Any CPU
		{1D67FB54-B4A2-4D55-8B63-F93303F3D138}.Debug|Any CPU.ActiveCfg = Debug|Any CPU
		{1D67FB54-B4A2-4D55-8B63-F93303F3D138}.Debug|Any CPU.Build.0 = Debug|Any CPU
		{1D67FB54-B4A2-4D55-8B63-F93303F3D138}.Release|Any CPU.ActiveCfg = Release|Any CPU
		{1D67FB54-B4A2-4D55-8B63-F93303F3D138}.Release|Any CPU.Build.0 = Release|Any CPU
		{1D67FB54-B4A2-4D55-8B63-F93303F3D138}.Analyzers|Any CPU.ActiveCfg = Debug|Any CPU
		{1D67FB54-B4A2-4D55-8B63-F93303F3D138}.Analyzers|Any CPU.Build.0 = Debug|Any CPU
		{C5D5CBE2-F9E4-4AF2-A247-B30E83F7EC47}.Debug|Any CPU.ActiveCfg = Debug|Any CPU
		{C5D5CBE2-F9E4-4AF2-A247-B30E83F7EC47}.Debug|Any CPU.Build.0 = Debug|Any CPU
		{C5D5CBE2-F9E4-4AF2-A247-B30E83F7EC47}.Release|Any CPU.ActiveCfg = Release|Any CPU
		{C5D5CBE2-F9E4-4AF2-A247-B30E83F7EC47}.Release|Any CPU.Build.0 = Release|Any CPU
		{C5D5CBE2-F9E4-4AF2-A247-B30E83F7EC47}.Analyzers|Any CPU.ActiveCfg = Debug|Any CPU
		{C5D5CBE2-F9E4-4AF2-A247-B30E83F7EC47}.Analyzers|Any CPU.Build.0 = Debug|Any CPU
	EndGlobalSection
	GlobalSection(NestedProjects) = preSolution
		{25EEACCB-9BAE-4361-A980-9E9CDA37602E} = {7B268266-B9CD-4D85-ABC5-3B2C4611FD74}
		{FB30394C-7930-4BFF-97E2-400CFADE92C2} = {C7A4A8F9-0343-4A3E-AB77-101C458C23B5}
		{25208A27-E598-4BE3-9CD9-0618A6B9598F} = {C7A4A8F9-0343-4A3E-AB77-101C458C23B5}
		{5DD7D88A-5A10-457D-B1A2-30F7CF67AD9F} = {C7A4A8F9-0343-4A3E-AB77-101C458C23B5}
		{C7E280C5-E841-4690-8AA3-653ECBC7C78B} = {C7A4A8F9-0343-4A3E-AB77-101C458C23B5}
		{D3F48947-C702-4D1A-B6EE-96B89D13953D} = {C7A4A8F9-0343-4A3E-AB77-101C458C23B5}
		{D3F48947-C702-4D1A-B6EE-96B89D13953E} = {C7A4A8F9-0343-4A3E-AB77-101C458C23B5}
		{D38BB305-3276-4AE1-87B1-C19C7A9F3840} = {C7A4A8F9-0343-4A3E-AB77-101C458C23B5}
		{F7F4F27F-2CAE-422B-B6CE-25A88C3603A1} = {C7A4A8F9-0343-4A3E-AB77-101C458C23B5}
		{C714F4F1-E2DF-4B29-A277-9B40BD7DE406} = {B5C675AF-506B-47E6-AB10-4E7BC36531D2}
		{40C71491-3CCC-40A0-8F01-3EC7204CF85F} = {C7A4A8F9-0343-4A3E-AB77-101C458C23B5}
		{5C70ACE0-BE37-4D67-A67F-EE69767994D2} = {C7A4A8F9-0343-4A3E-AB77-101C458C23B5}
		{C04C7CA4-69C3-444F-A654-6C722A0FC3BE} = {C7A4A8F9-0343-4A3E-AB77-101C458C23B5}
		{9818146E-C516-4D3C-80CE-A84741E7772B} = {C7A4A8F9-0343-4A3E-AB77-101C458C23B5}
		{EEF136BD-B789-4C0E-BFC7-4D5FD66C5B12} = {C7A4A8F9-0343-4A3E-AB77-101C458C23B5}
		{E611118C-2205-4771-A902-0852E2B7301A} = {C7A4A8F9-0343-4A3E-AB77-101C458C23B5}
		{E799F5AF-1143-4E84-8787-09A2B0702385} = {C7A4A8F9-0343-4A3E-AB77-101C458C23B5}
		{1D67FB54-B4A2-4D55-8B63-F93303F3D138} = {C7A4A8F9-0343-4A3E-AB77-101C458C23B5}
		{C5D5CBE2-F9E4-4AF2-A247-B30E83F7EC47} = {7B268266-B9CD-4D85-ABC5-3B2C4611FD74}
	EndGlobalSection
EndGlobal
